
Microsoft Visual Studio Solution File, Format Version 12.00
# Visual Studio Version 17
VisualStudioVersion = 17.9.34728.123
MinimumVisualStudioVersion = 10.0.40219.1
Project("{9A19103F-16F7-4668-BE54-9A1E7A4F7556}") = "UserManagment", "UserManagment\UserManagment.csproj", "{A8DFD828-66B0-4AD4-99BC-C276893AEA10}"
EndProject
Project("{FAE04EC0-301F-11D3-BF4B-00C04F79EFBC}") = "APIGateway", "APIGateway\APIGateway.csproj", "{DB163BD9-F71C-4C6F-A99A-6D326D2A2246}"
EndProject
Global
	GlobalSection(SolutionConfigurationPlatforms) = preSolution
		Debug|Any CPU = Debug|Any CPU
		Release|Any CPU = Release|Any CPU
	EndGlobalSection
	GlobalSection(ProjectConfigurationPlatforms) = postSolution
		{A8DFD828-66B0-4AD4-99BC-C276893AEA10}.Debug|Any CPU.ActiveCfg = Debug|Any CPU
		{A8DFD828-66B0-4AD4-99BC-C276893AEA10}.Debug|Any CPU.Build.0 = Debug|Any CPU
		{A8DFD828-66B0-4AD4-99BC-C276893AEA10}.Release|Any CPU.ActiveCfg = Release|Any CPU
		{A8DFD828-66B0-4AD4-99BC-C276893AEA10}.Release|Any CPU.Build.0 = Release|Any CPU
		{DB163BD9-F71C-4C6F-A99A-6D326D2A2246}.Debug|Any CPU.ActiveCfg = Debug|Any CPU
		{DB163BD9-F71C-4C6F-A99A-6D326D2A2246}.Debug|Any CPU.Build.0 = Debug|Any CPU
		{DB163BD9-F71C-4C6F-A99A-6D326D2A2246}.Release|Any CPU.ActiveCfg = Release|Any CPU
		{DB163BD9-F71C-4C6F-A99A-6D326D2A2246}.Release|Any CPU.Build.0 = Release|Any CPU
	EndGlobalSection
	GlobalSection(SolutionProperties) = preSolution
		HideSolutionNode = FALSE
	EndGlobalSection
	GlobalSection(ExtensibilityGlobals) = postSolution
		SolutionGuid = {46BDEACF-E38D-43C0-AC47-448429CD8C51}
	EndGlobalSection
EndGlobal
